# THIS IS AN AUTOGENERATED FILE. DO NOT EDIT THIS FILE DIRECTLY.
# yarn lockfile v1


base-64@^0.1.0:
  version "0.1.0"
  resolved "http://npm.finfosoft.com/repository/finfosoft-npm-group/base-64/-/base-64-0.1.0.tgz#780a99c84e7d600260361511c4877613bf24f6bb"

react-native-appupdate@^1.1.2:
  version "1.1.2"
  resolved "http://npm.finfosoft.com/repository/finfosoft-npm-group/react-native-appupdate/-/react-native-appupdate-1.1.2.tgz#9771c3e10367b93d807667ef4afba9e6e7a5468e"
  dependencies:
    react-native-fs "^2.3.3"

react-native-fs@^2.3.3:
  version "2.13.2"
  resolved "http://npm.finfosoft.com/repository/finfosoft-npm-group/react-native-fs/-/react-native-fs-2.13.2.tgz#78257c5e461d19723b51cc369eb2e161f942676d"
  dependencies:
    base-64 "^0.1.0"
    utf8 "^2.1.1"

utf8@^2.1.1:
  version "2.1.2"
  resolved "http://npm.finfosoft.com/repository/finfosoft-npm-group/utf8/-/utf8-2.1.2.tgz#1fa0d9270e9be850d9b05027f63519bf46457d96"
